
Microsoft Visual Studio Solution File, Format Version 12.00
# Visual Studio 2013
VisualStudioVersion = 12.0.31101.0
MinimumVisualStudioVersion = 10.0.40219.1
Project("{FAE04EC0-301F-11D3-BF4B-00C04F79EFBC}") = "VulnServer1", "VulnServer1\VulnServer1.csproj", "{01D7BBCB-55CD-441C-B5AD-3B1F18331A76}"
EndProject
Project("{FAE04EC0-301F-11D3-BF4B-00C04F79EFBC}") = "Utils", "Utils\Utils.csproj", "{9F775C7A-E280-49D2-8F11-5F03F315C503}"
EndProject
Project("{FAE04EC0-301F-11D3-BF4B-00C04F79EFBC}") = "Client", "Client\Client.csproj", "{DB8E4208-D071-4EB1-827E-4203675D9326}"
EndProject
Project("{FAE04EC0-301F-11D3-BF4B-00C04F79EFBC}") = "Attacker1", "Attacker1\Attacker1.csproj", "{125C1640-5CBB-4996-95B5-878E09A5BC79}"
EndProject
Global
	GlobalSection(SolutionConfigurationPlatforms) = preSolution
		Debug|Any CPU = Debug|Any CPU
		Release|Any CPU = Release|Any CPU
	EndGlobalSection
	GlobalSection(ProjectConfigurationPlatforms) = postSolution
		{01D7BBCB-55CD-441C-B5AD-3B1F18331A76}.Debug|Any CPU.ActiveCfg = Debug|Any CPU
		{01D7BBCB-55CD-441C-B5AD-3B1F18331A76}.Debug|Any CPU.Build.0 = Debug|Any CPU
		{01D7BBCB-55CD-441C-B5AD-3B1F18331A76}.Release|Any CPU.ActiveCfg = Release|Any CPU
		{01D7BBCB-55CD-441C-B5AD-3B1F18331A76}.Release|Any CPU.Build.0 = Release|Any CPU
		{9F775C7A-E280-49D2-8F11-5F03F315C503}.Debug|Any CPU.ActiveCfg = Debug|Any CPU
		{9F775C7A-E280-49D2-8F11-5F03F315C503}.Debug|Any CPU.Build.0 = Debug|Any CPU
		{9F775C7A-E280-49D2-8F11-5F03F315C503}.Release|Any CPU.ActiveCfg = Release|Any CPU
		{9F775C7A-E280-49D2-8F11-5F03F315C503}.Release|Any CPU.Build.0 = Release|Any CPU
		{DB8E4208-D071-4EB1-827E-4203675D9326}.Debug|Any CPU.ActiveCfg = Debug|Any CPU
		{DB8E4208-D071-4EB1-827E-4203675D9326}.Debug|Any CPU.Build.0 = Debug|Any CPU
		{DB8E4208-D071-4EB1-827E-4203675D9326}.Release|Any CPU.ActiveCfg = Release|Any CPU
		{DB8E4208-D071-4EB1-827E-4203675D9326}.Release|Any CPU.Build.0 = Release|Any CPU
		{125C1640-5CBB-4996-95B5-878E09A5BC79}.Debug|Any CPU.ActiveCfg = Debug|Any CPU
		{125C1640-5CBB-4996-95B5-878E09A5BC79}.Debug|Any CPU.Build.0 = Debug|Any CPU
		{125C1640-5CBB-4996-95B5-878E09A5BC79}.Release|Any CPU.ActiveCfg = Release|Any CPU
		{125C1640-5CBB-4996-95B5-878E09A5BC79}.Release|Any CPU.Build.0 = Release|Any CPU
	EndGlobalSection
	GlobalSection(SolutionProperties) = preSolution
		HideSolutionNode = FALSE
	EndGlobalSection
EndGlobal
